
Microsoft Visual Studio Solution File, Format Version 12.00
# Visual Studio Version 16
VisualStudioVersion = 16.0.31515.178
MinimumVisualStudioVersion = 10.0.40219.1
Project("{FAE04EC0-301F-11D3-BF4B-00C04F79EFBC}") = "ProjectileMotion", "ProjectileMotion\ProjectileMotion.csproj", "{238063FA-0195-47EB-AEDF-7CB0EE45168F}"
EndProject
Global
	GlobalSection(SolutionConfigurationPlatforms) = preSolution
		Debug|Any CPU = Debug|Any CPU
		Release|Any CPU = Release|Any CPU
	EndGlobalSection
	GlobalSection(ProjectConfigurationPlatforms) = postSolution
		{238063FA-0195-47EB-AEDF-7CB0EE45168F}.Debug|Any CPU.ActiveCfg = Debug|Any CPU
		{238063FA-0195-47EB-AEDF-7CB0EE45168F}.Debug|Any CPU.Build.0 = Debug|Any CPU
		{238063FA-0195-47EB-AEDF-7CB0EE45168F}.Release|Any CPU.ActiveCfg = Release|Any CPU
		{238063FA-0195-47EB-AEDF-7CB0EE45168F}.Release|Any CPU.Build.0 = Release|Any CPU
	EndGlobalSection
	GlobalSection(SolutionProperties) = preSolution
		HideSolutionNode = FALSE
	EndGlobalSection
	GlobalSection(ExtensibilityGlobals) = postSolution
		SolutionGuid = {EEFCCA76-DB84-48ED-8387-6EF6A49D3541}
	EndGlobalSection
EndGlobal
