
Microsoft Visual Studio Solution File, Format Version 12.00
# Visual Studio Version 16
VisualStudioVersion = 16.0.31313.79
MinimumVisualStudioVersion = 10.0.40219.1
Project("{FAE04EC0-301F-11D3-BF4B-00C04F79EFBC}") = "NumberTriangle", "NumberTriangle\NumberTriangle.csproj", "{5FDF7CE1-7AC9-4F6E-811A-3EFB14B55C8D}"
EndProject
Global
	GlobalSection(SolutionConfigurationPlatforms) = preSolution
		Debug|Any CPU = Debug|Any CPU
		Release|Any CPU = Release|Any CPU
	EndGlobalSection
	GlobalSection(ProjectConfigurationPlatforms) = postSolution
		{5FDF7CE1-7AC9-4F6E-811A-3EFB14B55C8D}.Debug|Any CPU.ActiveCfg = Debug|Any CPU
		{5FDF7CE1-7AC9-4F6E-811A-3EFB14B55C8D}.Debug|Any CPU.Build.0 = Debug|Any CPU
		{5FDF7CE1-7AC9-4F6E-811A-3EFB14B55C8D}.Release|Any CPU.ActiveCfg = Release|Any CPU
		{5FDF7CE1-7AC9-4F6E-811A-3EFB14B55C8D}.Release|Any CPU.Build.0 = Release|Any CPU
	EndGlobalSection
	GlobalSection(SolutionProperties) = preSolution
		HideSolutionNode = FALSE
	EndGlobalSection
	GlobalSection(ExtensibilityGlobals) = postSolution
		SolutionGuid = {133F5E4F-29C9-47BC-8322-ECFC366FA766}
	EndGlobalSection
EndGlobal
