
Microsoft Visual Studio Solution File, Format Version 12.00
# Visual Studio Version 16
VisualStudioVersion = 16.0.31515.178
MinimumVisualStudioVersion = 10.0.40219.1
Project("{FAE04EC0-301F-11D3-BF4B-00C04F79EFBC}") = "DrinkBarMenu", "DrinkBarMenu\DrinkBarMenu.csproj", "{ED6CB97C-3BAF-446A-B071-D1F36F0CD228}"
EndProject
Global
	GlobalSection(SolutionConfigurationPlatforms) = preSolution
		Debug|Any CPU = Debug|Any CPU
		Release|Any CPU = Release|Any CPU
	EndGlobalSection
	GlobalSection(ProjectConfigurationPlatforms) = postSolution
		{ED6CB97C-3BAF-446A-B071-D1F36F0CD228}.Debug|Any CPU.ActiveCfg = Debug|Any CPU
		{ED6CB97C-3BAF-446A-B071-D1F36F0CD228}.Debug|Any CPU.Build.0 = Debug|Any CPU
		{ED6CB97C-3BAF-446A-B071-D1F36F0CD228}.Release|Any CPU.ActiveCfg = Release|Any CPU
		{ED6CB97C-3BAF-446A-B071-D1F36F0CD228}.Release|Any CPU.Build.0 = Release|Any CPU
	EndGlobalSection
	GlobalSection(SolutionProperties) = preSolution
		HideSolutionNode = FALSE
	EndGlobalSection
	GlobalSection(ExtensibilityGlobals) = postSolution
		SolutionGuid = {EFD59C57-CAEF-48F4-8FDC-4B7D821A7203}
	EndGlobalSection
EndGlobal
