
Microsoft Visual Studio Solution File, Format Version 12.00
# Visual Studio Version 16
VisualStudioVersion = 16.0.31515.178
MinimumVisualStudioVersion = 10.0.40219.1
Project("{FAE04EC0-301F-11D3-BF4B-00C04F79EFBC}") = "PascalTriangle", "PascalTriangle\PascalTriangle.csproj", "{6EAED5FD-EDE2-4E59-9513-87493C570CA5}"
EndProject
Global
	GlobalSection(SolutionConfigurationPlatforms) = preSolution
		Debug|Any CPU = Debug|Any CPU
		Release|Any CPU = Release|Any CPU
	EndGlobalSection
	GlobalSection(ProjectConfigurationPlatforms) = postSolution
		{6EAED5FD-EDE2-4E59-9513-87493C570CA5}.Debug|Any CPU.ActiveCfg = Debug|Any CPU
		{6EAED5FD-EDE2-4E59-9513-87493C570CA5}.Debug|Any CPU.Build.0 = Debug|Any CPU
		{6EAED5FD-EDE2-4E59-9513-87493C570CA5}.Release|Any CPU.ActiveCfg = Release|Any CPU
		{6EAED5FD-EDE2-4E59-9513-87493C570CA5}.Release|Any CPU.Build.0 = Release|Any CPU
	EndGlobalSection
	GlobalSection(SolutionProperties) = preSolution
		HideSolutionNode = FALSE
	EndGlobalSection
	GlobalSection(ExtensibilityGlobals) = postSolution
		SolutionGuid = {D1822951-6F37-47B6-982C-B010C47979B7}
	EndGlobalSection
EndGlobal
