
Microsoft Visual Studio Solution File, Format Version 12.00
# Visual Studio Version 16
VisualStudioVersion = 16.0.31313.79
MinimumVisualStudioVersion = 10.0.40219.1
Project("{FAE04EC0-301F-11D3-BF4B-00C04F79EFBC}") = "3NarcissisticNumber", "3NarcissisticNumber\3NarcissisticNumber.csproj", "{5E31A9FB-6404-455A-8D25-251E2683E5DF}"
EndProject
Global
	GlobalSection(SolutionConfigurationPlatforms) = preSolution
		Debug|Any CPU = Debug|Any CPU
		Release|Any CPU = Release|Any CPU
	EndGlobalSection
	GlobalSection(ProjectConfigurationPlatforms) = postSolution
		{5E31A9FB-6404-455A-8D25-251E2683E5DF}.Debug|Any CPU.ActiveCfg = Debug|Any CPU
		{5E31A9FB-6404-455A-8D25-251E2683E5DF}.Debug|Any CPU.Build.0 = Debug|Any CPU
		{5E31A9FB-6404-455A-8D25-251E2683E5DF}.Release|Any CPU.ActiveCfg = Release|Any CPU
		{5E31A9FB-6404-455A-8D25-251E2683E5DF}.Release|Any CPU.Build.0 = Release|Any CPU
	EndGlobalSection
	GlobalSection(SolutionProperties) = preSolution
		HideSolutionNode = FALSE
	EndGlobalSection
	GlobalSection(ExtensibilityGlobals) = postSolution
		SolutionGuid = {F888641B-BBAF-4B10-B305-3794271DB52A}
	EndGlobalSection
EndGlobal
